
Microsoft Visual Studio Solution File, Format Version 12.00
# Visual Studio 14
VisualStudioVersion = 14.0.25420.1
MinimumVisualStudioVersion = 10.0.40219.1
Project("{2150E333-8FDC-42A3-9474-1A3956D46DE8}") = "src", "src", "{F65B7E9E-D386-47C2-877A-8D906B32B1F0}"
EndProject
Project("{2150E333-8FDC-42A3-9474-1A3956D46DE8}") = "Solution Items", "Solution Items", "{3B19361A-DCE4-4549-B9CB-5CCAC7EE2E91}"
	ProjectSection(SolutionItems) = preProject
		global.json = global.json
	EndProjectSection
EndProject
Project("{8BB2217D-0F2D-49D1-97BC-3654ED321F3B}") = "TestClient", "src\TestClient\TestClient.xproj", "{F92A9F9D-B901-4860-9B16-29344305032A}"
EndProject
Project("{FAE04EC0-301F-11D3-BF4B-00C04F79EFBC}") = "Katana API using IS4 and X509", "src\KatanaApiIdSrv4withX509\Katana API using IS4 and X509.csproj", "{B431DF2E-47F6-4055-82A4-0829A1F70847}"
EndProject
Project("{2150E333-8FDC-42A3-9474-1A3956D46DE8}") = "IdentityServers", "IdentityServers", "{8A9ECE27-8F8D-4ADF-8DBC-B4A6653D588D}"
EndProject
Project("{2150E333-8FDC-42A3-9474-1A3956D46DE8}") = "APIs", "APIs", "{99ED7F00-B793-4EE6-8C19-823B7663829B}"
EndProject
Project("{8BB2217D-0F2D-49D1-97BC-3654ED321F3B}") = "IdentityServer4 with RSA", "src\IdentityServer4withRSA\IdentityServer4 with RSA.xproj", "{0ADB3918-1E8E-4491-9135-9DB5016ADB88}"
EndProject
Project("{8BB2217D-0F2D-49D1-97BC-3654ED321F3B}") = "IdentityServer4 with X509", "src\IdentityServer4withX509\IdentityServer4 with X509.xproj", "{7EA3B386-D72B-4B18-998C-FE13FE16493F}"
EndProject
Project("{8BB2217D-0F2D-49D1-97BC-3654ED321F3B}") = "Core Api with IS4 and RSA", "src\CoreApiIdSrv4withRSA\Core Api with IS4 and RSA.xproj", "{910024BB-822C-4848-B293-0A2585DF4D84}"
EndProject
Project("{8BB2217D-0F2D-49D1-97BC-3654ED321F3B}") = "Core API with IS4 and X509", "src\CoreApiIdSrv4withX509\Core API with IS4 and X509.xproj", "{91627A53-E287-4B38-A184-73E474803BFF}"
EndProject
Project("{FAE04EC0-301F-11D3-BF4B-00C04F79EFBC}") = "Katana API with IS4 and RSA", "KatanaApiIdSrv4withRSA\Katana API with IS4 and RSA.csproj", "{D66FBCA7-8774-4F4D-949B-0F81E33C56AB}"
EndProject
Global
	GlobalSection(SolutionConfigurationPlatforms) = preSolution
		Debug|Any CPU = Debug|Any CPU
		Release|Any CPU = Release|Any CPU
	EndGlobalSection
	GlobalSection(ProjectConfigurationPlatforms) = postSolution
		{F92A9F9D-B901-4860-9B16-29344305032A}.Debug|Any CPU.ActiveCfg = Debug|Any CPU
		{F92A9F9D-B901-4860-9B16-29344305032A}.Debug|Any CPU.Build.0 = Debug|Any CPU
		{F92A9F9D-B901-4860-9B16-29344305032A}.Release|Any CPU.ActiveCfg = Release|Any CPU
		{F92A9F9D-B901-4860-9B16-29344305032A}.Release|Any CPU.Build.0 = Release|Any CPU
		{B431DF2E-47F6-4055-82A4-0829A1F70847}.Debug|Any CPU.ActiveCfg = Debug|Any CPU
		{B431DF2E-47F6-4055-82A4-0829A1F70847}.Debug|Any CPU.Build.0 = Debug|Any CPU
		{B431DF2E-47F6-4055-82A4-0829A1F70847}.Release|Any CPU.ActiveCfg = Release|Any CPU
		{B431DF2E-47F6-4055-82A4-0829A1F70847}.Release|Any CPU.Build.0 = Release|Any CPU
		{0ADB3918-1E8E-4491-9135-9DB5016ADB88}.Debug|Any CPU.ActiveCfg = Debug|Any CPU
		{0ADB3918-1E8E-4491-9135-9DB5016ADB88}.Debug|Any CPU.Build.0 = Debug|Any CPU
		{0ADB3918-1E8E-4491-9135-9DB5016ADB88}.Release|Any CPU.ActiveCfg = Release|Any CPU
		{0ADB3918-1E8E-4491-9135-9DB5016ADB88}.Release|Any CPU.Build.0 = Release|Any CPU
		{7EA3B386-D72B-4B18-998C-FE13FE16493F}.Debug|Any CPU.ActiveCfg = Debug|Any CPU
		{7EA3B386-D72B-4B18-998C-FE13FE16493F}.Debug|Any CPU.Build.0 = Debug|Any CPU
		{7EA3B386-D72B-4B18-998C-FE13FE16493F}.Release|Any CPU.ActiveCfg = Release|Any CPU
		{7EA3B386-D72B-4B18-998C-FE13FE16493F}.Release|Any CPU.Build.0 = Release|Any CPU
		{910024BB-822C-4848-B293-0A2585DF4D84}.Debug|Any CPU.ActiveCfg = Debug|Any CPU
		{910024BB-822C-4848-B293-0A2585DF4D84}.Debug|Any CPU.Build.0 = Debug|Any CPU
		{910024BB-822C-4848-B293-0A2585DF4D84}.Release|Any CPU.ActiveCfg = Release|Any CPU
		{910024BB-822C-4848-B293-0A2585DF4D84}.Release|Any CPU.Build.0 = Release|Any CPU
		{91627A53-E287-4B38-A184-73E474803BFF}.Debug|Any CPU.ActiveCfg = Debug|Any CPU
		{91627A53-E287-4B38-A184-73E474803BFF}.Debug|Any CPU.Build.0 = Debug|Any CPU
		{91627A53-E287-4B38-A184-73E474803BFF}.Release|Any CPU.ActiveCfg = Release|Any CPU
		{91627A53-E287-4B38-A184-73E474803BFF}.Release|Any CPU.Build.0 = Release|Any CPU
		{D66FBCA7-8774-4F4D-949B-0F81E33C56AB}.Debug|Any CPU.ActiveCfg = Debug|Any CPU
		{D66FBCA7-8774-4F4D-949B-0F81E33C56AB}.Debug|Any CPU.Build.0 = Debug|Any CPU
		{D66FBCA7-8774-4F4D-949B-0F81E33C56AB}.Release|Any CPU.ActiveCfg = Release|Any CPU
		{D66FBCA7-8774-4F4D-949B-0F81E33C56AB}.Release|Any CPU.Build.0 = Release|Any CPU
	EndGlobalSection
	GlobalSection(SolutionProperties) = preSolution
		HideSolutionNode = FALSE
	EndGlobalSection
	GlobalSection(NestedProjects) = preSolution
		{F92A9F9D-B901-4860-9B16-29344305032A} = {F65B7E9E-D386-47C2-877A-8D906B32B1F0}
		{B431DF2E-47F6-4055-82A4-0829A1F70847} = {99ED7F00-B793-4EE6-8C19-823B7663829B}
		{8A9ECE27-8F8D-4ADF-8DBC-B4A6653D588D} = {F65B7E9E-D386-47C2-877A-8D906B32B1F0}
		{99ED7F00-B793-4EE6-8C19-823B7663829B} = {F65B7E9E-D386-47C2-877A-8D906B32B1F0}
		{0ADB3918-1E8E-4491-9135-9DB5016ADB88} = {8A9ECE27-8F8D-4ADF-8DBC-B4A6653D588D}
		{7EA3B386-D72B-4B18-998C-FE13FE16493F} = {8A9ECE27-8F8D-4ADF-8DBC-B4A6653D588D}
		{910024BB-822C-4848-B293-0A2585DF4D84} = {99ED7F00-B793-4EE6-8C19-823B7663829B}
		{91627A53-E287-4B38-A184-73E474803BFF} = {99ED7F00-B793-4EE6-8C19-823B7663829B}
		{D66FBCA7-8774-4F4D-949B-0F81E33C56AB} = {99ED7F00-B793-4EE6-8C19-823B7663829B}
	EndGlobalSection
EndGlobal
